{
  "requires": true,
  "lockfileVersion": 1,
  "dependencies": {
    "date-fns": {
      "version": "2.23.0",
      "resolved": "https://registry.npmjs.org/date-fns/-/date-fns-2.23.0.tgz",
      "integrity": "sha512-5ycpauovVyAk0kXNZz6ZoB9AYMZB4DObse7P3BPWmyEjXNORTI8EJ6X0uaSAq4sCHzM1uajzrkr6HnsLQpxGXA=="
    },
    "unit-fns": {
      "version": "0.1.7",
      "resolved": "https://registry.npmjs.org/unit-fns/-/unit-fns-0.1.7.tgz",
      "integrity": "sha512-A6fT2bPCKjryr//T8X+euo2g9e5VRGIwOmLHb9bSasMBdKWQ+By3OwXkwTJbK8C6kUmJnbSCcJCNxJkkmKS15A=="
    }
  }
}
